# Dependencias de DESARROLLO, fijadas con hash (solo pruebas).
# Gongora Studio no tiene dependencias de ejecucion: ver requirements.txt
#
# Instalar exactamente esto:
#   .venv/bin/pip install --require-hashes -r requirements-dev.lock
# Regenerar:
#   .venv/bin/pip install --dry-run --ignore-installed --report r.json pytest==8.4.2

iniconfig==2.3.1 \
    --hash=sha256:9121e2c1fdb355232495be3194c8dfe87ccc2d5dee45947b78e68f499790d7a7
packaging==26.3 \
    --hash=sha256:d7193f7c8e4e93f444fde0262bf90af30e16fa0ad0ad44cb553c87339b23cd1c
pluggy==1.6.0 \
    --hash=sha256:e920276dd6813095e9377c0bc5566d94c932c33b27a3e3945d8389c374dd4746
Pygments==2.21.0 \
    --hash=sha256:2363c69b61c4a97c838da3b130dcd6468f4848992b21a82f2a63ec34377137d9
pytest==8.4.2 \
    --hash=sha256:872f880de3fc3a5bdc88a11b39c9710c3497a547cfa9320bc3c5e62fbf272e79
